
Microsoft Visual Studio Solution File, Format Version 12.00
# Visual Studio Version 17
VisualStudioVersion = 17.4.33122.133
MinimumVisualStudioVersion = 10.0.40219.1
Project("{FAE04EC0-301F-11D3-BF4B-00C04F79EFBC}") = "ConsoleApp15", "ConsoleApp15.csproj", "{2D94F3A2-994B-4096-9AAE-5D3A3C0F43A9}"
EndProject
Project("{FAE04EC0-301F-11D3-BF4B-00C04F79EFBC}") = "TestProject12", "..\TestProject12\TestProject12.csproj", "{C191B7AB-6465-4BF1-8B81-FA03E6485A33}"
EndProject
Global
	GlobalSection(SolutionConfigurationPlatforms) = preSolution
		Debug|Any CPU = Debug|Any CPU
		Release|Any CPU = Release|Any CPU
	EndGlobalSection
	GlobalSection(ProjectConfigurationPlatforms) = postSolution
		{2D94F3A2-994B-4096-9AAE-5D3A3C0F43A9}.Debug|Any CPU.ActiveCfg = Debug|Any CPU
		{2D94F3A2-994B-4096-9AAE-5D3A3C0F43A9}.Debug|Any CPU.Build.0 = Debug|Any CPU
		{2D94F3A2-994B-4096-9AAE-5D3A3C0F43A9}.Release|Any CPU.ActiveCfg = Release|Any CPU
		{2D94F3A2-994B-4096-9AAE-5D3A3C0F43A9}.Release|Any CPU.Build.0 = Release|Any CPU
		{C191B7AB-6465-4BF1-8B81-FA03E6485A33}.Debug|Any CPU.ActiveCfg = Debug|Any CPU
		{C191B7AB-6465-4BF1-8B81-FA03E6485A33}.Debug|Any CPU.Build.0 = Debug|Any CPU
		{C191B7AB-6465-4BF1-8B81-FA03E6485A33}.Release|Any CPU.ActiveCfg = Release|Any CPU
		{C191B7AB-6465-4BF1-8B81-FA03E6485A33}.Release|Any CPU.Build.0 = Release|Any CPU
	EndGlobalSection
	GlobalSection(SolutionProperties) = preSolution
		HideSolutionNode = FALSE
	EndGlobalSection
	GlobalSection(ExtensibilityGlobals) = postSolution
		SolutionGuid = {9B999F8D-74E9-4988-904D-A5DFFE6B6B58}
	EndGlobalSection
EndGlobal
